
Microsoft Visual Studio Solution File, Format Version 12.00
# Visual Studio 15
VisualStudioVersion = 15.0.27703.2042
MinimumVisualStudioVersion = 10.0.40219.1
Project("{9A19103F-16F7-4668-BE54-9A1E7A4F7556}") = "ScalepointIdGetToken", "ScalepointIdGetToken.csproj", "{5DF6921B-E683-4A32-8D13-37C65C9FC8CB}"
EndProject
Global
	GlobalSection(SolutionConfigurationPlatforms) = preSolution
		Debug|Any CPU = Debug|Any CPU
		Release|Any CPU = Release|Any CPU
	EndGlobalSection
	GlobalSection(ProjectConfigurationPlatforms) = postSolution
		{5DF6921B-E683-4A32-8D13-37C65C9FC8CB}.Debug|Any CPU.ActiveCfg = Debug|Any CPU
		{5DF6921B-E683-4A32-8D13-37C65C9FC8CB}.Debug|Any CPU.Build.0 = Debug|Any CPU
		{5DF6921B-E683-4A32-8D13-37C65C9FC8CB}.Release|Any CPU.ActiveCfg = Release|Any CPU
		{5DF6921B-E683-4A32-8D13-37C65C9FC8CB}.Release|Any CPU.Build.0 = Release|Any CPU
	EndGlobalSection
	GlobalSection(SolutionProperties) = preSolution
		HideSolutionNode = FALSE
	EndGlobalSection
	GlobalSection(ExtensibilityGlobals) = postSolution
		SolutionGuid = {ED9692A2-A191-4A45-BF10-B7552FE98ADB}
	EndGlobalSection
EndGlobal
